// !$*UTF8*$!
{
	archiveVersion = 1;
	classes = {
	};
	objectVersion = 50;
	objects = {

/* Begin PBXBuildFile section */
		952350BD23474C7000A89B77 /* AppDelegate.swift in Sources */ = {isa = PBXBuildFile; fileRef = 952350BC23474C7000A89B77 /* AppDelegate.swift */; };
		952350BF23474C7000A89B77 /* SceneDelegate.swift in Sources */ = {isa = PBXBuildFile; fileRef = 952350BE23474C7000A89B77 /* SceneDelegate.swift */; };
		952350C123474C7000A89B77 /* ContentView.swift in Sources */ = {isa = PBXBuildFile; fileRef = 952350C023474C7000A89B77 /* ContentView.swift */; };
		952350C323474C7200A89B77 /* Assets.xcassets in Resources */ = {isa = PBXBuildFile; fileRef = 952350C223474C7200A89B77 /* Assets.xcassets */; };
		952350C623474C7200A89B77 /* Preview Assets.xcassets in Resources */ = {isa = PBXBuildFile; fileRef = 952350C523474C7200A89B77 /* Preview Assets.xcassets */; };
		952350C923474C7200A89B77 /* LaunchScreen.storyboard in Resources */ = {isa = PBXBuildFile; fileRef = 952350C723474C7200A89B77 /* LaunchScreen.storyboard */; };
/* End PBXBuildFile section */

/* Begin PBXFileReference section */
		952350B923474C7000A89B77 /* HStackVStackZStackUnexpectedSpacingAndAligment.app */ = {isa = PBXFileReference; explicitFileType = wrapper.application; includeInIndex = 0; path = HStackVStackZStackUnexpectedSpacingAndAligment.app; sourceTree = BUILT_PRODUCTS_DIR; };
		952350BC23474C7000A89B77 /* AppDelegate.swift */ = {isa = PBXFileReference; lastKnownFileType = sourcecode.swift; path = AppDelegate.swift; sourceTree = "<group>"; };
		952350BE23474C7000A89B77 /* SceneDelegate.swift */ = {isa = PBXFileReference; lastKnownFileType = sourcecode.swift; path = SceneDelegate.swift; sourceTree = "<group>"; };
		952350C023474C7000A89B77 /* ContentView.swift */ = {isa = PBXFileReference; lastKnownFileType = sourcecode.swift; path = ContentView.swift; sourceTree = "<group>"; };
		952350C223474C7200A89B77 /* Assets.xcassets */ = {isa = PBXFileReference; lastKnownFileType = folder.assetcatalog; path = Assets.xcassets; sourceTree = "<group>"; };
		952350C523474C7200A89B77 /* Preview Assets.xcassets */ = {isa = PBXFileReference; lastKnownFileType = folder.assetcatalog; path = "Preview Assets.xcassets"; sourceTree = "<group>"; };
		952350C823474C7200A89B77 /* Base */ = {isa = PBXFileReference; lastKnownFileType = file.storyboard; name = Base; path = Base.lproj/LaunchScreen.storyboard; sourceTree = "<group>"; };
		952350CA23474C7200A89B77 /* Info.plist */ = {isa = PBXFileReference; lastKnownFileType = text.plist.xml; path = Info.plist; sourceTree = "<group>"; };
/* End PBXFileReference section */

/* Begin PBXFrameworksBuildPhase section */
		952350B623474C7000A89B77 /* Frameworks */ = {
			isa = PBXFrameworksBuildPhase;
			buildActionMask = 2147483647;
			files = (
			);
			runOnlyForDeploymentPostprocessing = 0;
		};
/* End PBXFrameworksBuildPhase section */

/* Begin PBXGroup section */
		952350B023474C7000A89B77 = {
			isa = PBXGroup;
			children = (
				952350BB23474C7000A89B77 /* HStackVStackZStackUnexpectedSpacingAndAligment */,
				952350BA23474C7000A89B77 /* Products */,
			);
			sourceTree = "<group>";
		};
		952350BA23474C7000A89B77 /* Products */ = {
			isa = PBXGroup;
			children = (
				952350B923474C7000A89B77 /* HStackVStackZStackUnexpectedSpacingAndAligment.app */,
			);
			name = Products;
			sourceTree = "<group>";
		};
		952350BB23474C7000A89B77 /* HStackVStackZStackUnexpectedSpacingAndAligment */ = {
			isa = PBXGroup;
			children = (
				952350BC23474C7000A89B77 /* AppDelegate.swift */,
				952350BE23474C7000A89B77 /* SceneDelegate.swift */,
				952350C023474C7000A89B77 /* ContentView.swift */,
				952350C223474C7200A89B77 /* Assets.xcassets */,
				952350C723474C7200A89B77 /* LaunchScreen.storyboard */,
				952350CA23474C7200A89B77 /* Info.plist */,
				952350C423474C7200A89B77 /* Preview Content */,
			);
			path = HStackVStackZStackUnexpectedSpacingAndAligment;
			sourceTree = "<group>";
		};
		952350C423474C7200A89B77 /* Preview Content */ = {
			isa = PBXGroup;
			children = (
				952350C523474C7200A89B77 /* Preview Assets.xcassets */,
			);
			path = "Preview Content";
			sourceTree = "<group>";
		};
/* End PBXGroup section */

/* Begin PBXNativeTarget section */
		952350B823474C7000A89B77 /* HStackVStackZStackUnexpectedSpacingAndAligment */ = {
			isa = PBXNativeTarget;
			buildConfigurationList = 952350CD23474C7200A89B77 /* Build configuration list for PBXNativeTarget "HStackVStackZStackUnexpectedSpacingAndAligment" */;
			buildPhases = (
				952350B523474C7000A89B77 /* Sources */,
				952350B623474C7000A89B77 /* Frameworks */,
				952350B723474C7000A89B77 /* Resources */,
			);
			buildRules = (
			);
			dependencies = (
			);
			name = HStackVStackZStackUnexpectedSpacingAndAligment;
			productName = HStackVStackZStackUnexpectedSpacingAndAligment;
			productReference = 952350B923474C7000A89B77 /* HStackVStackZStackUnexpectedSpacingAndAligment.app */;
			productType = "com.apple.product-type.application";
		};
/* End PBXNativeTarget section */

/* Begin PBXProject section */
		952350B123474C7000A89B77 /* Project object */ = {
			isa = PBXProject;
			attributes = {
				LastSwiftUpdateCheck = 1100;
				LastUpgradeCheck = 1100;
				ORGANIZATIONNAME = com.ri;
				TargetAttributes = {
					952350B823474C7000A89B77 = {
						CreatedOnToolsVersion = 11.0;
					};
				};
			};
			buildConfigurationList = 952350B423474C7000A89B77 /* Build configuration list for PBXProject "HStackVStackZStackUnexpectedSpacingAndAligment" */;
			compatibilityVersion = "Xcode 9.3";
			developmentRegion = en;
			hasScannedForEncodings = 0;
			knownRegions = (
				en,
				Base,
			);
			mainGroup = 952350B023474C7000A89B77;
			productRefGroup = 952350BA23474C7000A89B77 /* Products */;
			projectDirPath = "";
			projectRoot = "";
			targets = (
				952350B823474C7000A89B77 /* HStackVStackZStackUnexpectedSpacingAndAligment */,
			);
		};
/* End PBXProject section */

/* Begin PBXResourcesBuildPhase section */
		952350B723474C7000A89B77 /* Resources */ = {
			isa = PBXResourcesBuildPhase;
			buildActionMask = 2147483647;
			files = (
				952350C923474C7200A89B77 /* LaunchScreen.storyboard in Resources */,
				952350C623474C7200A89B77 /* Preview Assets.xcassets in Resources */,
				952350C323474C7200A89B77 /* Assets.xcassets in Resources */,
			);
			runOnlyForDeploymentPostprocessing = 0;
		};
/* End PBXResourcesBuildPhase section */

/* Begin PBXSourcesBuildPhase section */
		952350B523474C7000A89B77 /* Sources */ = {
			isa = PBXSourcesBuildPhase;
			buildActionMask = 2147483647;
			files = (
				952350BD23474C7000A89B77 /* AppDelegate.swift in Sources */,
				952350BF23474C7000A89B77 /* SceneDelegate.swift in Sources */,
				952350C123474C7000A89B77 /* ContentView.swift in Sources */,
			);
			runOnlyForDeploymentPostprocessing = 0;
		};
/* End PBXSourcesBuildPhase section */

/* Begin PBXVariantGroup section */
		952350C723474C7200A89B77 /* LaunchScreen.storyboard */ = {
			isa = PBXVariantGroup;
			children = (
				952350C823474C7200A89B77 /* Base */,
			);
			name = LaunchScreen.storyboard;
			sourceTree = "<group>";
		};
/* End PBXVariantGroup section */

/* Begin XCBuildConfiguration section */
		952350CB23474C7200A89B77 /* Debug */ = {
			isa = XCBuildConfiguration;
			buildSettings = {
				ALWAYS_SEARCH_USER_PATHS = NO;
				CLANG_ANALYZER_NONNULL = YES;
				CLANG_ANALYZER_NUMBER_OBJECT_CONVERSION = YES_AGGRESSIVE;
				CLANG_CXX_LANGUAGE_STANDARD = "gnu++14";
				CLANG_CXX_LIBRARY = "libc++";
				CLANG_ENABLE_MODULES = YES;
				CLANG_ENABLE_OBJC_ARC = YES;
				CLANG_ENABLE_OBJC_WEAK = YES;
				CLANG_WARN_BLOCK_CAPTURE_AUTORELEASING = YES;
				CLANG_WARN_BOOL_CONVERSION = YES;
				CLANG_WARN_COMMA = YES;
				CLANG_WARN_CONSTANT_CONVERSION = YES;
				CLANG_WARN_DEPRECATED_OBJC_IMPLEMENTATIONS = YES;
				CLANG_WARN_DIRECT_OBJC_ISA_USAGE = YES_ERROR;
				CLANG_WARN_DOCUMENTATION_COMMENTS = YES;
				CLANG_WARN_EMPTY_BODY = YES;
				CLANG_WARN_ENUM_CONVERSION = YES;
				CLANG_WARN_INFINITE_RECURSION = YES;
				CLANG_WARN_INT_CONVERSION = YES;
				CLANG_WARN_NON_LITERAL_NULL_CONVERSION = YES;
				CLANG_WARN_OBJC_IMPLICIT_RETAIN_SELF = YES;
				CLANG_WARN_OBJC_LITERAL_CONVERSION = YES;
				CLANG_WARN_OBJC_ROOT_CLASS = YES_ERROR;
				CLANG_WARN_RANGE_LOOP_ANALYSIS = YES;
				CLANG_WARN_STRICT_PROTOTYPES = YES;
				CLANG_WARN_SUSPICIOUS_MOVE = YES;
				CLANG_WARN_UNGUARDED_AVAILABILITY = YES_AGGRESSIVE;
				CLANG_WARN_UNREACHABLE_CODE = YES;
				CLANG_WARN__DUPLICATE_METHOD_MATCH = YES;
				COPY_PHASE_STRIP = NO;
				DEBUG_INFORMATION_FORMAT = dwarf;
				ENABLE_STRICT_OBJC_MSGSEND = YES;
				ENABLE_TESTABILITY = YES;
				GCC_C_LANGUAGE_STANDARD = gnu11;
				GCC_DYNAMIC_NO_PIC = NO;
				GCC_NO_COMMON_BLOCKS = YES;
				GCC_OPTIMIZATION_LEVEL = 0;
				GCC_PREPROCESSOR_DEFINITIONS = (
					"DEBUG=1",
					"$(inherited)",
				);
				GCC_WARN_64_TO_32_BIT_CONVERSION = YES;
				GCC_WARN_ABOUT_RETURN_TYPE = YES_ERROR;
				GCC_WARN_UNDECLARED_SELECTOR = YES;
				GCC_WARN_UNINITIALIZED_AUTOS = YES_AGGRESSIVE;
				GCC_WARN_UNUSED_FUNCTION = YES;
				GCC_WARN_UNUSED_VARIABLE = YES;
				IPHONEOS_DEPLOYMENT_TARGET = 13.0;
				MTL_ENABLE_DEBUG_INFO = INCLUDE_SOURCE;
				MTL_FAST_MATH = YES;
				ONLY_ACTIVE_ARCH = YES;
				SDKROOT = iphoneos;
				SWIFT_ACTIVE_COMPILATION_CONDITIONS = DEBUG;
				SWIFT_OPTIMIZATION_LEVEL = "-Onone";
			};
			name = Debug;
		};
		952350CC23474C7200A89B77 /* Release */ = {
			isa = XCBuildConfiguration;
			buildSettings = {
				ALWAYS_SEARCH_USER_PATHS = NO;
				CLANG_ANALYZER_NONNULL = YES;
				CLANG_ANALYZER_NUMBER_OBJECT_CONVERSION = YES_AGGRESSIVE;
				CLANG_CXX_LANGUAGE_STANDARD = "gnu++14";
				CLANG_CXX_LIBRARY = "libc++";
				CLANG_ENABLE_MODULES = YES;
				CLANG_ENABLE_OBJC_ARC = YES;
				CLANG_ENABLE_OBJC_WEAK = YES;
				CLANG_WARN_BLOCK_CAPTURE_AUTORELEASING = YES;
				CLANG_WARN_BOOL_CONVERSION = YES;
				CLANG_WARN_COMMA = YES;
				CLANG_WARN_CONSTANT_CONVERSION = YES;
				CLANG_WARN_DEPRECATED_OBJC_IMPLEMENTATIONS = YES;
				CLANG_WARN_DIRECT_OBJC_ISA_USAGE = YES_ERROR;
				CLANG_WARN_DOCUMENTATION_COMMENTS = YES;
				CLANG_WARN_EMPTY_BODY = YES;
				CLANG_WARN_ENUM_CONVERSION = YES;
				CLANG_WARN_INFINITE_RECURSION = YES;
				CLANG_WARN_INT_CONVERSION = YES;
				CLANG_WARN_NON_LITERAL_NULL_CONVERSION = YES;
				CLANG_WARN_OBJC_IMPLICIT_RETAIN_SELF = YES;
				CLANG_WARN_OBJC_LITERAL_CONVERSION = YES;
				CLANG_WARN_OBJC_ROOT_CLASS = YES_ERROR;
				CLANG_WARN_RANGE_LOOP_ANALYSIS = YES;
				CLANG_WARN_STRICT_PROTOTYPES = YES;
				CLANG_WARN_SUSPICIOUS_MOVE = YES;
				CLANG_WARN_UNGUARDED_AVAILABILITY = YES_AGGRESSIVE;
				CLANG_WARN_UNREACHABLE_CODE = YES;
				CLANG_WARN__DUPLICATE_METHOD_MATCH = YES;
				COPY_PHASE_STRIP = NO;
				DEBUG_INFORMATION_FORMAT = "dwarf-with-dsym";
				ENABLE_NS_ASSERTIONS = NO;
				ENABLE_STRICT_OBJC_MSGSEND = YES;
				GCC_C_LANGUAGE_STANDARD = gnu11;
				GCC_NO_COMMON_BLOCKS = YES;
				GCC_WARN_64_TO_32_BIT_CONVERSION = YES;
				GCC_WARN_ABOUT_RETURN_TYPE = YES_ERROR;
				GCC_WARN_UNDECLARED_SELECTOR = YES;
				GCC_WARN_UNINITIALIZED_AUTOS = YES_AGGRESSIVE;
				GCC_WARN_UNUSED_FUNCTION = YES;
				GCC_WARN_UNUSED_VARIABLE = YES;
				IPHONEOS_DEPLOYMENT_TARGET = 13.0;
				MTL_ENABLE_DEBUG_INFO = NO;
				MTL_FAST_MATH = YES;
				SDKROOT = iphoneos;
				SWIFT_COMPILATION_MODE = wholemodule;
				SWIFT_OPTIMIZATION_LEVEL = "-O";
				VALIDATE_PRODUCT = YES;
			};
			name = Release;
		};
		952350CE23474C7200A89B77 /* Debug */ = {
			isa = XCBuildConfiguration;
			buildSettings = {
				ASSETCATALOG_COMPILER_APPICON_NAME = AppIcon;
				CODE_SIGN_STYLE = Automatic;
				DEVELOPMENT_ASSET_PATHS = "\"HStackVStackZStackUnexpectedSpacingAndAligment/Preview Content\"";
				DEVELOPMENT_TEAM = L8W86DZDY2;
				ENABLE_PREVIEWS = YES;
				INFOPLIST_FILE = HStackVStackZStackUnexpectedSpacingAndAligment/Info.plist;
				LD_RUNPATH_SEARCH_PATHS = (
					"$(inherited)",
					"@executable_path/Frameworks",
				);
				PRODUCT_BUNDLE_IDENTIFIER = com.ri.HStackVStackZStackUnexpectedSpacingAndAligment;
				PRODUCT_NAME = "$(TARGET_NAME)";
				SWIFT_VERSION = 5.0;
				TARGETED_DEVICE_FAMILY = "1,2";
			};
			name = Debug;
		};
		952350CF23474C7200A89B77 /* Release */ = {
			isa = XCBuildConfiguration;
			buildSettings = {
				ASSETCATALOG_COMPILER_APPICON_NAME = AppIcon;
				CODE_SIGN_STYLE = Automatic;
				DEVELOPMENT_ASSET_PATHS = "\"HStackVStackZStackUnexpectedSpacingAndAligment/Preview Content\"";
				DEVELOPMENT_TEAM = L8W86DZDY2;
				ENABLE_PREVIEWS = YES;
				INFOPLIST_FILE = HStackVStackZStackUnexpectedSpacingAndAligment/Info.plist;
				LD_RUNPATH_SEARCH_PATHS = (
					"$(inherited)",
					"@executable_path/Frameworks",
				);
				PRODUCT_BUNDLE_IDENTIFIER = com.ri.HStackVStackZStackUnexpectedSpacingAndAligment;
				PRODUCT_NAME = "$(TARGET_NAME)";
				SWIFT_VERSION = 5.0;
				TARGETED_DEVICE_FAMILY = "1,2";
			};
			name = Release;
		};
/* End XCBuildConfiguration section */

/* Begin XCConfigurationList section */
		952350B423474C7000A89B77 /* Build configuration list for PBXProject "HStackVStackZStackUnexpectedSpacingAndAligment" */ = {
			isa = XCConfigurationList;
			buildConfigurations = (
				952350CB23474C7200A89B77 /* Debug */,
				952350CC23474C7200A89B77 /* Release */,
			);
			defaultConfigurationIsVisible = 0;
			defaultConfigurationName = Release;
		};
		952350CD23474C7200A89B77 /* Build configuration list for PBXNativeTarget "HStackVStackZStackUnexpectedSpacingAndAligment" */ = {
			isa = XCConfigurationList;
			buildConfigurations = (
				952350CE23474C7200A89B77 /* Debug */,
				952350CF23474C7200A89B77 /* Release */,
			);
			defaultConfigurationIsVisible = 0;
			defaultConfigurationName = Release;
		};
/* End XCConfigurationList section */
	};
	rootObject = 952350B123474C7000A89B77 /* Project object */;
}
